<?xml version="1.0" encoding="utf-8"?>
<Project ToolsVersion="4.0" xmlns="http://schemas.microsoft.com/developer/msbuild/2003">
  <ItemGroup>
    <Filter Include="Source Files">
      <UniqueIdentifier>{4FC737F1-C7A5-4376-A066-2A32D752A2FF}</UniqueIdentifier>
      <Extensions>cpp;c;cc;cxx;def;odl;idl;hpj;bat;asm;asmx</Extensions>
    </Filter>
    <Filter Include="Header Files">
      <UniqueIdentifier>{93995380-89BD-4b04-88EB-625FBE52EBFB}</UniqueIdentifier>
      <Extensions>h;hh;hpp;hxx;hm;inl;inc;ipp;xsd</Extensions>
    </Filter>
    <Filter Include="Resource Files">
      <UniqueIdentifier>{67DA6AB6-F800-4c08-8B7A-83BB121AAD01}</UniqueIdentifier>
      <Extensions>rc;ico;cur;bmp;dlg;rc2;rct;bin;rgs;gif;jpg;jpeg;jpe;resx;tiff;tif;png;wav;mfcribbon-ms</Extensions>
    </Filter>
  </ItemGroup>
  <ItemGroup>
    <ClInclude Include="IMsvDllObject.h">
      <Filter>Header Files</Filter>
    </ClInclude>
    <ClInclude Include="IMsvDllDecorator.h">
      <Filter>Header Files</Filter>
    </ClInclude>
    <ClInclude Include="IMsvDll.h">
      <Filter>Header Files</Filter>
    </ClInclude>
    <ClInclude Include="MsvDll.h">
      <Filter>Header Files</Filter>
    </ClInclude>
    <ClInclude Include="IMsvDllList.h">
      <Filter>Header Files</Filter>
    </ClInclude>
    <ClInclude Include="IMsvDllFactory.h">
      <Filter>Header Files</Filter>
    </ClInclude>
    <ClInclude Include="MsvDllFactory.h">
      <Filter>Header Files</Filter>
    </ClInclude>
    <ClInclude Include="MsvDll_Factory.h">
      <Filter>Header Files</Filter>
    </ClInclude>
    <ClInclude Include="MsvDllFactory_Factory.h">
      <Filter>Header Files</Filter>
    </ClInclude>
    <ClInclude Include="IMsvDllAdapter.h">
      <Filter>Header Files</Filter>
    </ClInclude>
    <ClInclude Include="MsvDllAdapter.h">
      <Filter>Header Files</Filter>
    </ClInclude>
    <ClInclude Include="MsvDllList.h">
      <Filter>Header Files</Filter>
    </ClInclude>
  </ItemGroup>
  <ItemGroup>
    <ClCompile Include="MsvDll.cpp">
      <Filter>Source Files</Filter>
    </ClCompile>
    <ClCompile Include="MsvDllFactory.cpp">
      <Filter>Source Files</Filter>
    </ClCompile>
    <ClCompile Include="MsvDllAdapter.cpp">
      <Filter>Source Files</Filter>
    </ClCompile>
    <ClCompile Include="MsvDllList.cpp">
      <Filter>Source Files</Filter>
    </ClCompile>
  </ItemGroup>
</Project>